
Microsoft Visual Studio Solution File, Format Version 12.00
# Visual Studio Version 17
VisualStudioVersion = 17.6.33723.286
MinimumVisualStudioVersion = 10.0.40219.1
Project("{FAE04EC0-301F-11D3-BF4B-00C04F79EFBC}") = "RPG", "RPG\RPG.csproj", "{3E2531C5-233B-4BC6-A0BB-2AB34773A33A}"
EndProject
Global
	GlobalSection(SolutionConfigurationPlatforms) = preSolution
		Debug|Any CPU = Debug|Any CPU
		Release|Any CPU = Release|Any CPU
	EndGlobalSection
	GlobalSection(ProjectConfigurationPlatforms) = postSolution
		{3E2531C5-233B-4BC6-A0BB-2AB34773A33A}.Debug|Any CPU.ActiveCfg = Debug|Any CPU
		{3E2531C5-233B-4BC6-A0BB-2AB34773A33A}.Debug|Any CPU.Build.0 = Debug|Any CPU
		{3E2531C5-233B-4BC6-A0BB-2AB34773A33A}.Release|Any CPU.ActiveCfg = Release|Any CPU
		{3E2531C5-233B-4BC6-A0BB-2AB34773A33A}.Release|Any CPU.Build.0 = Release|Any CPU
	EndGlobalSection
	GlobalSection(SolutionProperties) = preSolution
		HideSolutionNode = FALSE
	EndGlobalSection
	GlobalSection(ExtensibilityGlobals) = postSolution
		SolutionGuid = {40BF3223-90B3-4545-9D10-100B1274261D}
	EndGlobalSection
EndGlobal
